lockfileVersion: '6.1'

settings:
  autoInstallPeers: true
  excludeLinksFromLockfile: false

dependencies:
  html-minifier:
    specifier: ^4.0.0
    version: registry.npmmirror.com/html-minifier@4.0.0

packages:

  registry.npmmirror.com/camel-case@3.0.0:
    resolution: {integrity: sha512-+MbKztAYHXPr1jNTSKQF52VpcFjwY5RkR7fxksV8Doo4KAYc5Fl4UJRgthBbTmEx8C54DqahhbLJkDwjI3PI/w==, registry: https://registry.npm.taobao.org/, tarball: https://registry.npmmirror.com/camel-case/-/camel-case-3.0.0.tgz}
    name: camel-case
    version: 3.0.0
    dependencies:
      no-case: registry.npmmirror.com/no-case@2.3.2
      upper-case: registry.npmmirror.com/upper-case@1.1.3
    dev: false

  registry.npmmirror.com/clean-css@4.2.4:
    resolution: {integrity: sha512-EJUDT7nDVFDvaQgAo2G/PJvxmp1o/c6iXLbswsBbUFXi1Nr+AjA2cKmfbKDMjMvzEe75g3P6JkaDDAKk96A85A==, registry: https://registry.npm.taobao.org/, tarball: https://registry.npmmirror.com/clean-css/-/clean-css-4.2.4.tgz}
    name: clean-css
    version: 4.2.4
    engines: {node: '>= 4.0'}
    dependencies:
      source-map: registry.npmmirror.com/source-map@0.6.1
    dev: false

  registry.npmmirror.com/commander@2.20.3:
    resolution: {integrity: sha512-GpVkmM8vF2vQUkj2LvZmD35JxeJOLCwJ9cUkugyk2nuhbv3+mJvpLYYt+0+USMxE+oj+ey/lJEnhZw75x/OMcQ==, registry: https://registry.npm.taobao.org/, tarball: https://registry.npmmirror.com/commander/-/commander-2.20.3.tgz}
    name: commander
    version: 2.20.3
    dev: false

  registry.npmmirror.com/he@1.2.0:
    resolution: {integrity: sha512-F/1DnUGPopORZi0ni+CvrCgHQ5FyEAHRLSApuYWMmrbSwoN2Mn/7k+Gl38gJnR7yyDZk6WLXwiGod1JOWNDKGw==, registry: https://registry.npm.taobao.org/, tarball: https://registry.npmmirror.com/he/-/he-1.2.0.tgz}
    name: he
    version: 1.2.0
    hasBin: true
    dev: false

  registry.npmmirror.com/html-minifier@4.0.0:
    resolution: {integrity: sha512-aoGxanpFPLg7MkIl/DDFYtb0iWz7jMFGqFhvEDZga6/4QTjneiD8I/NXL1x5aaoCp7FSIT6h/OhykDdPsbtMig==, registry: https://registry.npm.taobao.org/, tarball: https://registry.npmmirror.com/html-minifier/-/html-minifier-4.0.0.tgz}
    name: html-minifier
    version: 4.0.0
    engines: {node: '>=6'}
    hasBin: true
    dependencies:
      camel-case: registry.npmmirror.com/camel-case@3.0.0
      clean-css: registry.npmmirror.com/clean-css@4.2.4
      commander: registry.npmmirror.com/commander@2.20.3
      he: registry.npmmirror.com/he@1.2.0
      param-case: registry.npmmirror.com/param-case@2.1.1
      relateurl: registry.npmmirror.com/relateurl@0.2.7
      uglify-js: registry.npmmirror.com/uglify-js@3.17.4
    dev: false

  registry.npmmirror.com/lower-case@1.1.4:
    resolution: {integrity: sha512-2Fgx1Ycm599x+WGpIYwJOvsjmXFzTSc34IwDWALRA/8AopUKAVPwfJ+h5+f85BCp0PWmmJcWzEpxOpoXycMpdA==, registry: https://registry.npm.taobao.org/, tarball: https://registry.npmmirror.com/lower-case/-/lower-case-1.1.4.tgz}
    name: lower-case
    version: 1.1.4
    dev: false

  registry.npmmirror.com/no-case@2.3.2:
    resolution: {integrity: sha512-rmTZ9kz+f3rCvK2TD1Ue/oZlns7OGoIWP4fc3llxxRXlOkHKoWPPWJOfFYpITabSow43QJbRIoHQXtt10VldyQ==, registry: https://registry.npm.taobao.org/, tarball: https://registry.npmmirror.com/no-case/-/no-case-2.3.2.tgz}
    name: no-case
    version: 2.3.2
    dependencies:
      lower-case: registry.npmmirror.com/lower-case@1.1.4
    dev: false

  registry.npmmirror.com/param-case@2.1.1:
    resolution: {integrity: sha512-eQE845L6ot89sk2N8liD8HAuH4ca6Vvr7VWAWwt7+kvvG5aBcPmmphQ68JsEG2qa9n1TykS2DLeMt363AAH8/w==, registry: https://registry.npm.taobao.org/, tarball: https://registry.npmmirror.com/param-case/-/param-case-2.1.1.tgz}
    name: param-case
    version: 2.1.1
    dependencies:
      no-case: registry.npmmirror.com/no-case@2.3.2
    dev: false

  registry.npmmirror.com/relateurl@0.2.7:
    resolution: {integrity: sha512-G08Dxvm4iDN3MLM0EsP62EDV9IuhXPR6blNz6Utcp7zyV3tr4HVNINt6MpaRWbxoOHT3Q7YN2P+jaHX8vUbgog==, registry: https://registry.npm.taobao.org/, tarball: https://registry.npmmirror.com/relateurl/-/relateurl-0.2.7.tgz}
    name: relateurl
    version: 0.2.7
    engines: {node: '>= 0.10'}
    dev: false

  registry.npmmirror.com/source-map@0.6.1:
    resolution: {integrity: sha512-UjgapumWlbMhkBgzT7Ykc5YXUT46F0iKu8SGXq0bcwP5dz/h0Plj6enJqjz1Zbq2l5WaqYnrVbwWOWMyF3F47g==, registry: https://registry.npm.taobao.org/, tarball: https://registry.npmmirror.com/source-map/-/source-map-0.6.1.tgz}
    name: source-map
    version: 0.6.1
    engines: {node: '>=0.10.0'}
    dev: false

  registry.npmmirror.com/uglify-js@3.17.4:
    resolution: {integrity: sha512-T9q82TJI9e/C1TAxYvfb16xO120tMVFZrGA3f9/P4424DNu6ypK103y0GPFVa17yotwSyZW5iYXgjYHkGrJW/g==, registry: https://registry.npm.taobao.org/, tarball: https://registry.npmmirror.com/uglify-js/-/uglify-js-3.17.4.tgz}
    name: uglify-js
    version: 3.17.4
    engines: {node: '>=0.8.0'}
    hasBin: true
    dev: false

  registry.npmmirror.com/upper-case@1.1.3:
    resolution: {integrity: sha512-WRbjgmYzgXkCV7zNVpy5YgrHgbBv126rMALQQMrmzOVC4GM2waQ9x7xtm8VU+1yF2kWyPzI9zbZ48n4vSxwfSA==, registry: https://registry.npm.taobao.org/, tarball: https://registry.npmmirror.com/upper-case/-/upper-case-1.1.3.tgz}
    name: upper-case
    version: 1.1.3
    dev: false
